
Microsoft Visual Studio Solution File, Format Version 12.00
# Visual Studio 2017
Project("{FAE04EC0-301F-11D3-BF4B-00C04F79EFBC}") = "Angry Medieval War", "Angry Medieval War.csproj", "{EFEAF31E-D5C0-319D-9B63-1D792323E2E2}"
EndProject
Project("{FAE04EC0-301F-11D3-BF4B-00C04F79EFBC}") = "Angry Medieval War.Editor", "Angry Medieval War.Editor.csproj", "{F32CD104-F5F7-2A54-183B-DADE3189C6D9}"
EndProject
Global
	GlobalSection(SolutionConfigurationPlatforms) = preSolution
		Debug|Any CPU = Debug|Any CPU
		Release|Any CPU = Release|Any CPU
	EndGlobalSection
	GlobalSection(ProjectConfigurationPlatforms) = postSolution
		{EFEAF31E-D5C0-319D-9B63-1D792323E2E2}.Debug|Any CPU.ActiveCfg = Debug|Any CPU
		{EFEAF31E-D5C0-319D-9B63-1D792323E2E2}.Debug|Any CPU.Build.0 = Debug|Any CPU
		{EFEAF31E-D5C0-319D-9B63-1D792323E2E2}.Release|Any CPU.ActiveCfg = Release|Any CPU
		{EFEAF31E-D5C0-319D-9B63-1D792323E2E2}.Release|Any CPU.Build.0 = Release|Any CPU
		{F32CD104-F5F7-2A54-183B-DADE3189C6D9}.Debug|Any CPU.ActiveCfg = Debug|Any CPU
		{F32CD104-F5F7-2A54-183B-DADE3189C6D9}.Debug|Any CPU.Build.0 = Debug|Any CPU
		{F32CD104-F5F7-2A54-183B-DADE3189C6D9}.Release|Any CPU.ActiveCfg = Release|Any CPU
		{F32CD104-F5F7-2A54-183B-DADE3189C6D9}.Release|Any CPU.Build.0 = Release|Any CPU
	EndGlobalSection
	GlobalSection(SolutionProperties) = preSolution
		HideSolutionNode = FALSE
	EndGlobalSection
EndGlobal
